
Microsoft Visual Studio Solution File, Format Version 12.00
# Visual Studio Version 17
VisualStudioVersion = 17.7.34202.233
MinimumVisualStudioVersion = 10.0.40219.1
Project("{FAE04EC0-301F-11D3-BF4B-00C04F79EFBC}") = "ConsoleApp1", "ConsoleApp1\ConsoleApp1.csproj", "{DC9A9134-E7BB-48CC-9ECA-EF31A39138E8}"
EndProject
Global
	GlobalSection(SolutionConfigurationPlatforms) = preSolution
		Debug|Any CPU = Debug|Any CPU
		Release|Any CPU = Release|Any CPU
	EndGlobalSection
	GlobalSection(ProjectConfigurationPlatforms) = postSolution
		{DC9A9134-E7BB-48CC-9ECA-EF31A39138E8}.Debug|Any CPU.ActiveCfg = Debug|Any CPU
		{DC9A9134-E7BB-48CC-9ECA-EF31A39138E8}.Debug|Any CPU.Build.0 = Debug|Any CPU
		{DC9A9134-E7BB-48CC-9ECA-EF31A39138E8}.Release|Any CPU.ActiveCfg = Release|Any CPU
		{DC9A9134-E7BB-48CC-9ECA-EF31A39138E8}.Release|Any CPU.Build.0 = Release|Any CPU
	EndGlobalSection
	GlobalSection(SolutionProperties) = preSolution
		HideSolutionNode = FALSE
	EndGlobalSection
	GlobalSection(ExtensibilityGlobals) = postSolution
		SolutionGuid = {ECA765BE-0EDB-4C40-9587-19A1020F28FC}
	EndGlobalSection
EndGlobal
